
Microsoft Visual Studio Solution File, Format Version 12.00
# Visual Studio Version 16
VisualStudioVersion = 16.0.29926.136
MinimumVisualStudioVersion = 10.0.40219.1
Project("{FAE04EC0-301F-11D3-BF4B-00C04F79EFBC}") = "Coding Assessment", "Coding Assessment.csproj", "{4D154435-CF2D-441A-8CD7-D3247C17ADD1}"
EndProject
Global
	GlobalSection(SolutionConfigurationPlatforms) = preSolution
		Debug|Any CPU = Debug|Any CPU
		Release|Any CPU = Release|Any CPU
	EndGlobalSection
	GlobalSection(ProjectConfigurationPlatforms) = postSolution
		{4D154435-CF2D-441A-8CD7-D3247C17ADD1}.Debug|Any CPU.ActiveCfg = Debug|Any CPU
		{4D154435-CF2D-441A-8CD7-D3247C17ADD1}.Debug|Any CPU.Build.0 = Debug|Any CPU
		{4D154435-CF2D-441A-8CD7-D3247C17ADD1}.Release|Any CPU.ActiveCfg = Release|Any CPU
		{4D154435-CF2D-441A-8CD7-D3247C17ADD1}.Release|Any CPU.Build.0 = Release|Any CPU
	EndGlobalSection
	GlobalSection(SolutionProperties) = preSolution
		HideSolutionNode = FALSE
	EndGlobalSection
	GlobalSection(ExtensibilityGlobals) = postSolution
		SolutionGuid = {46557C0D-AAB7-4C9D-921B-92F67E6D42B3}
	EndGlobalSection
EndGlobal
